
Microsoft Visual Studio Solution File, Format Version 12.00
# Visual Studio Version 16
VisualStudioVersion = 16.0.808.7
MinimumVisualStudioVersion = 10.0.40219.1
Project("{FAE04EC0-301F-11D3-BF4B-00C04F79EFBC}") = "OnlineBookstore", "OnlineBookstore\OnlineBookstore.csproj", "{82BC641D-D24F-48E3-9B88-A224DC4DDBFD}"
EndProject
Global
	GlobalSection(SolutionConfigurationPlatforms) = preSolution
		Debug|Any CPU = Debug|Any CPU
		Release|Any CPU = Release|Any CPU
	EndGlobalSection
	GlobalSection(ProjectConfigurationPlatforms) = postSolution
		{82BC641D-D24F-48E3-9B88-A224DC4DDBFD}.Debug|Any CPU.ActiveCfg = Debug|Any CPU
		{82BC641D-D24F-48E3-9B88-A224DC4DDBFD}.Debug|Any CPU.Build.0 = Debug|Any CPU
		{82BC641D-D24F-48E3-9B88-A224DC4DDBFD}.Release|Any CPU.ActiveCfg = Release|Any CPU
		{82BC641D-D24F-48E3-9B88-A224DC4DDBFD}.Release|Any CPU.Build.0 = Release|Any CPU
	EndGlobalSection
	GlobalSection(SolutionProperties) = preSolution
		HideSolutionNode = FALSE
	EndGlobalSection
	GlobalSection(ExtensibilityGlobals) = postSolution
		SolutionGuid = {C49B0F23-ECFC-461A-A5B2-C827DB4A6CEE}
	EndGlobalSection
EndGlobal
